<?xml version="1.0" encoding="utf-8"?>
<Project ToolsVersion="4.0" xmlns="http://schemas.microsoft.com/developer/msbuild/2003">
  <ItemGroup>
    <Filter Include="ソース ファイル">
      <UniqueIdentifier>{4FC737F1-C7A5-4376-A066-2A32D752A2FF}</UniqueIdentifier>
      <Extensions>cpp;c;cc;cxx;c++;cppm;ixx;def;odl;idl;hpj;bat;asm;asmx</Extensions>
    </Filter>
    <Filter Include="ヘッダー ファイル">
      <UniqueIdentifier>{93995380-89BD-4b04-88EB-625FBE52EBFB}</UniqueIdentifier>
      <Extensions>h;hh;hpp;hxx;h++;hm;inl;inc;ipp;xsd</Extensions>
    </Filter>
    <Filter Include="リソース ファイル">
      <UniqueIdentifier>{67DA6AB6-F800-4c08-8B7A-83BB121AAD01}</UniqueIdentifier>
      <Extensions>rc;ico;cur;bmp;dlg;rc2;rct;bin;rgs;gif;jpg;jpeg;jpe;resx;tiff;tif;png;wav;mfcribbon-ms</Extensions>
    </Filter>
    <Filter Include="ingui">
      <UniqueIdentifier>{600c3e6c-5c58-4a7f-aba8-3c6c3353f603}</UniqueIdentifier>
    </Filter>
    <Filter Include="imgui">
      <UniqueIdentifier>{cb405f0e-dea7-478b-9b57-861b5018c5b9}</UniqueIdentifier>
    </Filter>
  </ItemGroup>
  <ItemGroup>
    <ClCompile Include="main.cpp">
      <Filter>ソース ファイル</Filter>
    </ClCompile>
    <ClCompile Include="..\..\..\..\Downloads\imgui-1.89.4\imgui-1.89.4\imgui.cpp">
      <Filter>ingui</Filter>
    </ClCompile>
    <ClCompile Include="..\..\..\..\Downloads\imgui-1.89.4\imgui-1.89.4\imgui_demo.cpp">
      <Filter>ingui</Filter>
    </ClCompile>
    <ClCompile Include="..\..\..\..\Downloads\imgui-1.89.4\imgui-1.89.4\imgui_draw.cpp">
      <Filter>ingui</Filter>
    </ClCompile>
    <ClCompile Include="..\..\..\..\Downloads\imgui-1.89.4\imgui-1.89.4\imgui_tables.cpp">
      <Filter>ingui</Filter>
    </ClCompile>
    <ClCompile Include="..\..\..\..\Downloads\imgui-1.89.4\imgui-1.89.4\imgui_widgets.cpp">
      <Filter>ingui</Filter>
    </ClCompile>
    <ClCompile Include="..\..\..\..\Downloads\imgui-1.89.4 (1)\imgui-1.89.4\imgui.cpp">
      <Filter>imgui</Filter>
    </ClCompile>
    <ClCompile Include="..\..\..\..\Downloads\imgui-1.89.4 (1)\imgui-1.89.4\imgui_demo.cpp">
      <Filter>imgui</Filter>
    </ClCompile>
    <ClCompile Include="..\..\..\..\Downloads\imgui-1.89.4 (1)\imgui-1.89.4\imgui_draw.cpp">
      <Filter>imgui</Filter>
    </ClCompile>
    <ClCompile Include="..\..\..\..\Downloads\imgui-1.89.4 (1)\imgui-1.89.4\imgui_tables.cpp">
      <Filter>imgui</Filter>
    </ClCompile>
    <ClCompile Include="..\..\..\..\Downloads\imgui-1.89.4 (1)\imgui-1.89.4\imgui_widgets.cpp">
      <Filter>imgui</Filter>
    </ClCompile>
  </ItemGroup>
  <ItemGroup>
    <ClInclude Include="Player.h">
      <Filter>ヘッダー ファイル</Filter>
    </ClInclude>
    <ClInclude Include="..\..\..\..\Downloads\imgui-1.89.4\imgui-1.89.4\imconfig.h">
      <Filter>ingui</Filter>
    </ClInclude>
    <ClInclude Include="..\..\..\..\Downloads\imgui-1.89.4\imgui-1.89.4\imgui.h">
      <Filter>ingui</Filter>
    </ClInclude>
    <ClInclude Include="..\..\..\..\Downloads\imgui-1.89.4\imgui-1.89.4\imgui_internal.h">
      <Filter>ingui</Filter>
    </ClInclude>
    <ClInclude Include="..\..\..\..\Downloads\imgui-1.89.4\imgui-1.89.4\imstb_rectpack.h">
      <Filter>ingui</Filter>
    </ClInclude>
    <ClInclude Include="..\..\..\..\Downloads\imgui-1.89.4\imgui-1.89.4\imstb_textedit.h">
      <Filter>ingui</Filter>
    </ClInclude>
    <ClInclude Include="..\..\..\..\Downloads\imgui-1.89.4\imgui-1.89.4\imstb_truetype.h">
      <Filter>ingui</Filter>
    </ClInclude>
    <ClInclude Include="..\..\..\..\Downloads\imgui-1.89.4 (1)\imgui-1.89.4\imconfig.h">
      <Filter>imgui</Filter>
    </ClInclude>
    <ClInclude Include="..\..\..\..\Downloads\imgui-1.89.4 (1)\imgui-1.89.4\imgui.h">
      <Filter>imgui</Filter>
    </ClInclude>
    <ClInclude Include="..\..\..\..\Downloads\imgui-1.89.4 (1)\imgui-1.89.4\imgui_internal.h">
      <Filter>imgui</Filter>
    </ClInclude>
    <ClInclude Include="..\..\..\..\Downloads\imgui-1.89.4 (1)\imgui-1.89.4\imstb_rectpack.h">
      <Filter>imgui</Filter>
    </ClInclude>
    <ClInclude Include="..\..\..\..\Downloads\imgui-1.89.4 (1)\imgui-1.89.4\imstb_textedit.h">
      <Filter>imgui</Filter>
    </ClInclude>
    <ClInclude Include="..\..\..\..\Downloads\imgui-1.89.4 (1)\imgui-1.89.4\imstb_truetype.h">
      <Filter>imgui</Filter>
    </ClInclude>
  </ItemGroup>
  <ItemGroup>
    <FxCompile Include="Object3d.VS.hlsl" />
    <FxCompile Include="Object3d.PS.hlsl" />
  </ItemGroup>
  <ItemGroup>
    <None Include="..\..\..\..\Downloads\imgui-1.89.4\imgui-1.89.4\.editorconfig">
      <Filter>ingui</Filter>
    </None>
    <None Include="..\..\..\..\Downloads\imgui-1.89.4\imgui-1.89.4\.gitattributes">
      <Filter>ingui</Filter>
    </None>
    <None Include="..\..\..\..\Downloads\imgui-1.89.4\imgui-1.89.4\.gitignore">
      <Filter>ingui</Filter>
    </None>
  </ItemGroup>
  <ItemGroup>
    <Text Include="..\..\..\..\Downloads\imgui-1.89.4\imgui-1.89.4\LICENSE.txt">
      <Filter>ingui</Filter>
    </Text>
    <Text Include="..\..\..\..\Downloads\imgui-1.89.4 (1)\imgui-1.89.4\LICENSE.txt">
      <Filter>imgui</Filter>
    </Text>
  </ItemGroup>
</Project>